
Microsoft Visual Studio Solution File, Format Version 12.00
# Visual Studio Version 17
VisualStudioVersion = 17.5.33516.290
MinimumVisualStudioVersion = 10.0.40219.1
Project("{2150E333-8FDC-42A3-9474-1A3956D46DE8}") = "src", "src", "{7CC1D8B4-70F4-4CC3-8835-65BACC61CFF0}"
EndProject
Project("{2150E333-8FDC-42A3-9474-1A3956D46DE8}") = "tests", "tests", "{851A9C93-FE02-444A-98DC-45F30B64E79A}"
EndProject
Project("{9A19103F-16F7-4668-BE54-9A1E7A4F7556}") = "BulkImageDownloader.CLI", "src\BulkWallpaper.Cli\BulkImageDownloader.CLI.csproj", "{A47EE42D-170B-4589-9A75-9876D6CC27C3}"
EndProject
Project("{9A19103F-16F7-4668-BE54-9A1E7A4F7556}") = "BulkWallpaper.Service", "src\BulkWallpaper.Service\BulkWallpaper.Service.csproj", "{3125F3A9-34E1-48B3-BB7A-1EF3542F6191}"
EndProject
Project("{2150E333-8FDC-42A3-9474-1A3956D46DE8}") = "__solution-items__", "__solution-items__", "{1C71DC50-5874-4933-81B7-486348771D06}"
	ProjectSection(SolutionItems) = preProject
		.gitattributes = .gitattributes
		.gitignore = .gitignore
		LICENSE.txt = LICENSE.txt
		nuget.md = nuget.md
		readme.md = readme.md
	EndProjectSection
EndProject
Project("{9A19103F-16F7-4668-BE54-9A1E7A4F7556}") = "BulkWallpaper.Cli.UnitTest", "tests\BulkWallpaper.CLI.UnitTest\BulkWallpaper.Cli.UnitTest.csproj", "{1A6F325B-95B5-41BE-86C9-E7BD91AD62F7}"
EndProject
Project("{9A19103F-16F7-4668-BE54-9A1E7A4F7556}") = "BulkWallpaper.Utils", "src\BulkWallpaper.Utils\BulkWallpaper.Utils.csproj", "{C03B6A82-7E5A-477C-B545-C51F1AD5903E}"
EndProject
Global
	GlobalSection(SolutionConfigurationPlatforms) = preSolution
		Debug|Any CPU = Debug|Any CPU
		Release|Any CPU = Release|Any CPU
	EndGlobalSection
	GlobalSection(ProjectConfigurationPlatforms) = postSolution
		{A47EE42D-170B-4589-9A75-9876D6CC27C3}.Debug|Any CPU.ActiveCfg = Debug|Any CPU
		{A47EE42D-170B-4589-9A75-9876D6CC27C3}.Debug|Any CPU.Build.0 = Debug|Any CPU
		{A47EE42D-170B-4589-9A75-9876D6CC27C3}.Release|Any CPU.ActiveCfg = Release|Any CPU
		{A47EE42D-170B-4589-9A75-9876D6CC27C3}.Release|Any CPU.Build.0 = Release|Any CPU
		{3125F3A9-34E1-48B3-BB7A-1EF3542F6191}.Debug|Any CPU.ActiveCfg = Debug|Any CPU
		{3125F3A9-34E1-48B3-BB7A-1EF3542F6191}.Debug|Any CPU.Build.0 = Debug|Any CPU
		{3125F3A9-34E1-48B3-BB7A-1EF3542F6191}.Release|Any CPU.ActiveCfg = Release|Any CPU
		{3125F3A9-34E1-48B3-BB7A-1EF3542F6191}.Release|Any CPU.Build.0 = Release|Any CPU
		{1A6F325B-95B5-41BE-86C9-E7BD91AD62F7}.Debug|Any CPU.ActiveCfg = Debug|Any CPU
		{1A6F325B-95B5-41BE-86C9-E7BD91AD62F7}.Debug|Any CPU.Build.0 = Debug|Any CPU
		{1A6F325B-95B5-41BE-86C9-E7BD91AD62F7}.Release|Any CPU.ActiveCfg = Release|Any CPU
		{1A6F325B-95B5-41BE-86C9-E7BD91AD62F7}.Release|Any CPU.Build.0 = Release|Any CPU
		{C03B6A82-7E5A-477C-B545-C51F1AD5903E}.Debug|Any CPU.ActiveCfg = Debug|Any CPU
		{C03B6A82-7E5A-477C-B545-C51F1AD5903E}.Debug|Any CPU.Build.0 = Debug|Any CPU
		{C03B6A82-7E5A-477C-B545-C51F1AD5903E}.Release|Any CPU.ActiveCfg = Release|Any CPU
		{C03B6A82-7E5A-477C-B545-C51F1AD5903E}.Release|Any CPU.Build.0 = Release|Any CPU
	EndGlobalSection
	GlobalSection(SolutionProperties) = preSolution
		HideSolutionNode = FALSE
	EndGlobalSection
	GlobalSection(NestedProjects) = preSolution
		{A47EE42D-170B-4589-9A75-9876D6CC27C3} = {7CC1D8B4-70F4-4CC3-8835-65BACC61CFF0}
		{3125F3A9-34E1-48B3-BB7A-1EF3542F6191} = {7CC1D8B4-70F4-4CC3-8835-65BACC61CFF0}
		{1A6F325B-95B5-41BE-86C9-E7BD91AD62F7} = {851A9C93-FE02-444A-98DC-45F30B64E79A}
		{C03B6A82-7E5A-477C-B545-C51F1AD5903E} = {7CC1D8B4-70F4-4CC3-8835-65BACC61CFF0}
	EndGlobalSection
	GlobalSection(ExtensibilityGlobals) = postSolution
		SolutionGuid = {52081365-AF94-488F-9271-DCBCCA4790F0}
	EndGlobalSection
EndGlobal
